
Microsoft Visual Studio Solution File, Format Version 12.00
# Visual Studio Version 17
VisualStudioVersion = 17.8.34525.116
MinimumVisualStudioVersion = 10.0.40219.1
Project("{9A19103F-16F7-4668-BE54-9A1E7A4F7556}") = "service-pari", "service-pari\service-pari.csproj", "{A94AFE59-CE73-4E5C-932D-EC86E20E6631}"
EndProject
Project("{E53339B2-1760-4266-BCC7-CA923CBCF16C}") = "docker-compose", "docker-compose.dcproj", "{6B81A6A5-B79F-4C36-A95C-A202EA5AAB08}"
EndProject
Global
	GlobalSection(SolutionConfigurationPlatforms) = preSolution
		Debug|Any CPU = Debug|Any CPU
		Release|Any CPU = Release|Any CPU
	EndGlobalSection
	GlobalSection(ProjectConfigurationPlatforms) = postSolution
		{A94AFE59-CE73-4E5C-932D-EC86E20E6631}.Debug|Any CPU.ActiveCfg = Debug|Any CPU
		{A94AFE59-CE73-4E5C-932D-EC86E20E6631}.Debug|Any CPU.Build.0 = Debug|Any CPU
		{A94AFE59-CE73-4E5C-932D-EC86E20E6631}.Release|Any CPU.ActiveCfg = Release|Any CPU
		{A94AFE59-CE73-4E5C-932D-EC86E20E6631}.Release|Any CPU.Build.0 = Release|Any CPU
		{6B81A6A5-B79F-4C36-A95C-A202EA5AAB08}.Debug|Any CPU.ActiveCfg = Debug|Any CPU
		{6B81A6A5-B79F-4C36-A95C-A202EA5AAB08}.Debug|Any CPU.Build.0 = Debug|Any CPU
		{6B81A6A5-B79F-4C36-A95C-A202EA5AAB08}.Release|Any CPU.ActiveCfg = Release|Any CPU
		{6B81A6A5-B79F-4C36-A95C-A202EA5AAB08}.Release|Any CPU.Build.0 = Release|Any CPU
	EndGlobalSection
	GlobalSection(SolutionProperties) = preSolution
		HideSolutionNode = FALSE
	EndGlobalSection
	GlobalSection(ExtensibilityGlobals) = postSolution
		SolutionGuid = {B61826E9-E453-4F53-A85A-0D74EF194381}
	EndGlobalSection
EndGlobal
